%{
  "cowboy": {:hex, :cowboy, "2.9.0", "865dd8b6607e14cf03282e10e934023a1bd8be6f6bacf921a7e2a96d800cd452", [:make, :rebar3], [{:cowlib, "2.11.0", [hex: :cowlib, repo: "hexpm", optional: false]}, {:ranch, "1.8.0", [hex: :ranch, repo: "hexpm", optional: false]}], "hexpm", "2c729f934b4e1aa149aff882f57c6372c15399a20d54f65c8d67bef583021bde"},
  "cowboy_telemetry": {:hex, :cowboy_telemetry, "0.3.1", "ebd1a1d7aff97f27c66654e78ece187abdc646992714164380d8a041eda16754", [:rebar3], [{:cowboy, "~> 2.7", [hex: :cowboy, repo: "hexpm", optional: false]}, {:telemetry, "~> 0.4", [hex: :telemetry, repo: "hexpm", optional: false]}], "hexpm", "3a6efd3366130eab84ca372cbd4a7d3c3a97bdfcfb4911233b035d117063f0af"},
  "cowlib": {:hex, :cowlib, "2.11.0", "0b9ff9c346629256c42ebe1eeb769a83c6cb771a6ee5960bd110ab0b9b872063", [:make, :rebar3], [], "hexpm", "2b3e9da0b21c4565751a6d4901c20d1b4cc25cbb7fd50d91d2ab6dd287bc86a9"},
  "dialyxir": {:hex, :dialyxir, "1.2.0", "58344b3e87c2e7095304c81a9ae65cb68b613e28340690dfe1a5597fd08dec37", [:mix], [{:erlex, ">= 0.2.6", [hex: :erlex, repo: "hexpm", optional: false]}], "hexpm", "61072136427a851674cab81762be4dbeae7679f85b1272b6d25c3a839aff8463"},
  "dynamic_supervisor_proxy": {:hex, :dynamic_supervisor_proxy, "0.1.41", "40637e4e93359461aaae6826224b564c457e0e921a0717feda01ff096f829a48", [:mix], [{:file_only_logger, "~> 0.2", [hex: :file_only_logger, repo: "hexpm", optional: false]}, {:persist_config, "~> 0.4", [hex: :persist_config, repo: "hexpm", optional: false]}], "hexpm", "12d446b865477093c0f9a68a113259db27a817270029ffadf06f4a8201a533f3"},
  "earmark_parser": {:hex, :earmark_parser, "1.4.30", "0b938aa5b9bafd455056440cdaa2a79197ca5e693830b4a982beada840513c5f", [:mix], [], "hexpm", "3b5385c2d36b0473d0b206927b841343d25adb14f95f0110062506b300cd5a1b"},
  "erlex": {:hex, :erlex, "0.2.6", "c7987d15e899c7a2f34f5420d2a2ea0d659682c06ac607572df55a43753aa12e", [:mix], [], "hexpm", "2ed2e25711feb44d52b17d2780eabf998452f6efda104877a3881c2f8c0c0c75"},
  "ex_doc": {:hex, :ex_doc, "0.29.1", "b1c652fa5f92ee9cf15c75271168027f92039b3877094290a75abcaac82a9f77", [:mix], [{:earmark_parser, "~> 1.4.19", [hex: :earmark_parser, repo: "hexpm", optional: false]}, {:makeup_elixir, "~> 0.14", [hex: :makeup_elixir, repo: "hexpm", optional: false]}, {:makeup_erlang, "~> 0.1", [hex: :makeup_erlang, repo: "hexpm", optional: false]}], "hexpm", "b7745fa6374a36daf484e2a2012274950e084815b936b1319aeebcf7809574f6"},
  "expo": {:hex, :expo, "0.3.0", "13127c1d5f653b2927f2616a4c9ace5ae372efd67c7c2693b87fd0fdc30c6feb", [:mix], [], "hexpm", "fb3cd4bf012a77bc1608915497dae2ff684a06f0fa633c7afa90c4d72b881823"},
  "file_only_logger": {:hex, :file_only_logger, "0.2.3", "e86bc9388131814293c5053f7ebac3fff1f1c8176bd6913bf256629c462c7fb2", [:mix], [{:logger_file_backend, "~> 0.0.9", [hex: :logger_file_backend, repo: "hexpm", optional: false]}, {:persist_config, "~> 0.4", [hex: :persist_config, repo: "hexpm", optional: false]}], "hexpm", "6b35611fb6ddcbe8aa2c6dee92f959ce004e07cde0e1a0e35e4572b560f578aa"},
  "file_system": {:hex, :file_system, "0.2.10", "fb082005a9cd1711c05b5248710f8826b02d7d1784e7c3451f9c1231d4fc162d", [:mix], [], "hexpm", "41195edbfb562a593726eda3b3e8b103a309b733ad25f3d642ba49696bf715dc"},
  "gen_server_proxy": {:hex, :gen_server_proxy, "0.1.46", "6210a8a227e120291e966e369ca95c2718ce5b5ff7c6289f425263f9de340852", [:mix], [{:file_only_logger, "~> 0.2", [hex: :file_only_logger, repo: "hexpm", optional: false]}, {:persist_config, "~> 0.4", [hex: :persist_config, repo: "hexpm", optional: false]}], "hexpm", "72a6812729e2b7689801d517bfd12b75ec1e435474ca77c5f5dca2a6d906190b"},
  "gettext": {:hex, :gettext, "0.22.0", "a25d71ec21b1848957d9207b81fd61cb25161688d282d58bdafef74c2270bdc4", [:mix], [{:expo, "~> 0.3.0", [hex: :expo, repo: "hexpm", optional: false]}], "hexpm", "cb0675141576f73720c8e49b4f0fd3f2c69f0cd8c218202724d4aebab8c70ace"},
  "io_ansi_plus": {:hex, :io_ansi_plus, "0.1.40", "8c70109b0104bd6cbec00d0f23275dec57d5bf6d5556af8d1cb01f6a277f2ec7", [:mix], [{:persist_config, "~> 0.4", [hex: :persist_config, repo: "hexpm", optional: false]}], "hexpm", "dff33cbe1bd839c6403d4a55b4674a0cf94ff419f21b0dc0d8010419dbc26fce"},
  "io_ansi_table": {:hex, :io_ansi_table, "1.0.29", "1d6c5ba69dc72c9a5f6469a743c67ff1b8ec852c9a020dc5fa73857752eaa8a7", [:mix], [{:file_only_logger, "~> 0.2", [hex: :file_only_logger, repo: "hexpm", optional: false]}, {:io_ansi_plus, "~> 0.1", [hex: :io_ansi_plus, repo: "hexpm", optional: false]}, {:log_reset, "~> 0.1", [hex: :log_reset, repo: "hexpm", optional: false]}, {:map_sorter, "~> 0.2", [hex: :map_sorter, repo: "hexpm", optional: false]}, {:persist_config, "~> 0.4", [hex: :persist_config, repo: "hexpm", optional: false]}], "hexpm", "e7754c98c6d298578e6b01f9d37fa75a50622ef080e3ae8286b93c638ffd4c4b"},
  "islands_board": {:hex, :islands_board, "0.1.27", "5ee5d7dc4d214c3b59463e5abc73e491ab855b52ed7be221b875a0372f11afbf", [:mix], [{:islands_coord, "~> 0.1", [hex: :islands_coord, repo: "hexpm", optional: false]}, {:islands_island, "~> 0.1", [hex: :islands_island, repo: "hexpm", optional: false]}, {:jason, "~> 1.0", [hex: :jason, repo: "hexpm", optional: false]}, {:poison, "~> 5.0", [hex: :poison, repo: "hexpm", optional: false]}], "hexpm", "000708ab82893dbbc3708116438e19e5972f771fb629e8a49434682625e8432f"},
  "islands_board_cache": {:hex, :islands_board_cache, "0.1.32", "5d9b462bf12ef62c3121b9a43a99e96cd47a59082feea819cffbc97ee7700472", [:mix], [{:file_only_logger, "~> 0.2", [hex: :file_only_logger, repo: "hexpm", optional: false]}, {:islands_board, "~> 0.1", [hex: :islands_board, repo: "hexpm", optional: false]}, {:islands_coord, "~> 0.1", [hex: :islands_coord, repo: "hexpm", optional: false]}, {:islands_island, "~> 0.1", [hex: :islands_island, repo: "hexpm", optional: false]}, {:log_reset, "~> 0.1", [hex: :log_reset, repo: "hexpm", optional: false]}, {:persist_config, "~> 0.4", [hex: :persist_config, repo: "hexpm", optional: false]}], "hexpm", "c135ffdc1833df2bbb33a317ff114a2e67e2519683fe37b9a0e9c639c9a57a50"},
  "islands_client_island_type": {:hex, :islands_client_island_type, "0.1.17", "0de5cc74c39d3da3864ae43885afcc01f4968fe8fb181a2ca67c20cbfc2a4ba7", [:mix], [{:islands_island, "~> 0.1", [hex: :islands_island, repo: "hexpm", optional: false]}], "hexpm", "8ae1cc3d1c7a667c75cc38bd0cc98d901991d1de4177c68a20a3fa694b7ecb33"},
  "islands_client_random_guess": {:hex, :islands_client_random_guess, "0.1.34", "5354002fbcb55a4f8200fa4db29937e275f01fdd9ac669d6934d5cc6ab760de9", [:mix], [{:islands_client_state, "~> 0.1", [hex: :islands_client_state, repo: "hexpm", optional: false]}, {:islands_coord, "~> 0.1", [hex: :islands_coord, repo: "hexpm", optional: false]}, {:islands_tally, "~> 0.1", [hex: :islands_tally, repo: "hexpm", optional: false]}, {:persist_config, "~> 0.4", [hex: :persist_config, repo: "hexpm", optional: false]}], "hexpm", "567b90f97da4ade14c59a829ff9bf3cbb2e3bfae5894e240419841c8e0345264"},
  "islands_client_state": {:hex, :islands_client_state, "0.1.23", "50f61f78300f7112878fe5c87922c58c4bb210b6dff844e9a61e1414a28eee2d", [:mix], [{:islands_engine, "~> 0.2", [hex: :islands_engine, repo: "hexpm", optional: false]}, {:islands_player, "~> 0.1", [hex: :islands_player, repo: "hexpm", optional: false]}, {:islands_player_id, "~> 0.1", [hex: :islands_player_id, repo: "hexpm", optional: false]}, {:islands_tally, "~> 0.1", [hex: :islands_tally, repo: "hexpm", optional: false]}], "hexpm", "63ffdd92b6502ab4f3a55e8f488c5a91f64f0b9acb143354d9e3e4fdfeb7194f"},
  "islands_coord": {:hex, :islands_coord, "0.1.28", "c305c16e1703bf899f58b4a4d3f49c6777634a49555e133e35d578a7e2ad0ac6", [:mix], [{:jason, "~> 1.0", [hex: :jason, repo: "hexpm", optional: false]}, {:poison, "~> 5.0", [hex: :poison, repo: "hexpm", optional: false]}], "hexpm", "6b51e2d980e7da8a60a94d8a62f557d8e3dab754f7d1f9459ed02449dc6e8c48"},
  "islands_engine": {:hex, :islands_engine, "0.2.61", "15f8a905f4bfd261bff13e17f614617d8aa8a8c4cbce3fceb94b2beedd4a4c37", [:mix], [{:dynamic_supervisor_proxy, "~> 0.1", [hex: :dynamic_supervisor_proxy, repo: "hexpm", optional: false]}, {:file_only_logger, "~> 0.2", [hex: :file_only_logger, repo: "hexpm", optional: false]}, {:gen_server_proxy, "~> 0.1", [hex: :gen_server_proxy, repo: "hexpm", optional: false]}, {:io_ansi_plus, "~> 0.1", [hex: :io_ansi_plus, repo: "hexpm", optional: false]}, {:islands_board, "~> 0.1", [hex: :islands_board, repo: "hexpm", optional: false]}, {:islands_board_cache, "~> 0.1", [hex: :islands_board_cache, repo: "hexpm", optional: false]}, {:islands_coord, "~> 0.1.15", [hex: :islands_coord, repo: "hexpm", optional: false]}, {:islands_game, "~> 0.1", [hex: :islands_game, repo: "hexpm", optional: false]}, {:islands_grid, "~> 0.1", [hex: :islands_grid, repo: "hexpm", optional: false]}, {:islands_guesses, "~> 0.1", [hex: :islands_guesses, repo: "hexpm", optional: false]}, {:islands_island, "~> 0.1", [hex: :islands_island, repo: "hexpm", optional: false]}, {:islands_player, "~> 0.1", [hex: :islands_player, repo: "hexpm", optional: false]}, {:islands_player_id, "~> 0.1", [hex: :islands_player_id, repo: "hexpm", optional: false]}, {:islands_request, "~> 0.1", [hex: :islands_request, repo: "hexpm", optional: false]}, {:islands_response, "~> 0.1", [hex: :islands_response, repo: "hexpm", optional: false]}, {:islands_score, "~> 0.1", [hex: :islands_score, repo: "hexpm", optional: false]}, {:islands_state, "~> 0.1", [hex: :islands_state, repo: "hexpm", optional: false]}, {:islands_tally, "~> 0.1", [hex: :islands_tally, repo: "hexpm", optional: false]}, {:log_reset, "~> 0.1", [hex: :log_reset, repo: "hexpm", optional: false]}, {:persist_config, "~> 0.4", [hex: :persist_config, repo: "hexpm", optional: false]}], "hexpm", "cc839b8690dc7bf4aacbf50c55aa56b42263357fab9fd009196cd1a5e6f2e7a4"},
  "islands_game": {:hex, :islands_game, "0.1.36", "40928c2b215aea353c1f23db5d073b610b9c5529624ad40c6a618aa732793d63", [:mix], [{:islands_board, "~> 0.1", [hex: :islands_board, repo: "hexpm", optional: false]}, {:islands_coord, "~> 0.1", [hex: :islands_coord, repo: "hexpm", optional: false]}, {:islands_guesses, "~> 0.1", [hex: :islands_guesses, repo: "hexpm", optional: false]}, {:islands_player, "~> 0.1", [hex: :islands_player, repo: "hexpm", optional: false]}, {:islands_player_id, "~> 0.1", [hex: :islands_player_id, repo: "hexpm", optional: false]}, {:islands_request, "~> 0.1", [hex: :islands_request, repo: "hexpm", optional: false]}, {:islands_response, "~> 0.1", [hex: :islands_response, repo: "hexpm", optional: false]}, {:islands_state, "~> 0.1", [hex: :islands_state, repo: "hexpm", optional: false]}, {:jason, "~> 1.0", [hex: :jason, repo: "hexpm", optional: false]}, {:persist_config, "~> 0.4", [hex: :persist_config, repo: "hexpm", optional: false]}, {:poison, "~> 5.0", [hex: :poison, repo: "hexpm", optional: false]}], "hexpm", "2bed6acc3ecbff3e151112d8b568a189406dd0fb1658ea9c071e6fed7bbf8a85"},
  "islands_grid": {:hex, :islands_grid, "0.1.31", "586b0a539a736dc76804cb30be9c059cd2788d170ade4ad81d6537d828b596e3", [:mix], [{:io_ansi_plus, "~> 0.1", [hex: :io_ansi_plus, repo: "hexpm", optional: false]}, {:islands_board, "~> 0.1", [hex: :islands_board, repo: "hexpm", optional: false]}, {:islands_coord, "~> 0.1", [hex: :islands_coord, repo: "hexpm", optional: false]}, {:islands_guesses, "~> 0.1", [hex: :islands_guesses, repo: "hexpm", optional: false]}, {:islands_island, "~> 0.1", [hex: :islands_island, repo: "hexpm", optional: false]}], "hexpm", "bb616d88b6dc6540e981ff163510643d4d24b11cb22e8067ad0cb68d44485728"},
  "islands_guesses": {:hex, :islands_guesses, "0.1.26", "75290c426ba559b8bcdd7b44f151c4659a61ed8bc53e5939e366d83ff5d36c4d", [:mix], [{:islands_coord, "~> 0.1", [hex: :islands_coord, repo: "hexpm", optional: false]}, {:islands_island, "~> 0.1", [hex: :islands_island, repo: "hexpm", optional: false]}, {:jason, "~> 1.0", [hex: :jason, repo: "hexpm", optional: false]}, {:poison, "~> 5.0", [hex: :poison, repo: "hexpm", optional: false]}], "hexpm", "b6794923f0f6dd9e3d75a510b0aa28d98e215f1b081f266d1c9471d7a156ff29"},
  "islands_island": {:hex, :islands_island, "0.1.29", "d9afeefc08cb65bbff03b1eaf76ddfb62e8cd2842bfa379cc8452bbceb03e112", [:mix], [{:islands_coord, "~> 0.1", [hex: :islands_coord, repo: "hexpm", optional: false]}, {:jason, "~> 1.0", [hex: :jason, repo: "hexpm", optional: false]}, {:poison, "~> 5.0", [hex: :poison, repo: "hexpm", optional: false]}], "hexpm", "0bfabb6a88139f793c4c7d82538f47d24de532dda16d9f518d563177fb562569"},
  "islands_player": {:hex, :islands_player, "0.1.29", "3e729f8b1f94a98e8f9d6ab3be3a868e2070dece33d7e8386c4ebc4104af763f", [:mix], [{:islands_board, "~> 0.1", [hex: :islands_board, repo: "hexpm", optional: false]}, {:islands_guesses, "~> 0.1", [hex: :islands_guesses, repo: "hexpm", optional: false]}, {:jason, "~> 1.0", [hex: :jason, repo: "hexpm", optional: false]}, {:poison, "~> 5.0", [hex: :poison, repo: "hexpm", optional: false]}], "hexpm", "f294cfcc2aa59d13ee515cf622110d7c779b4c7f644b76f5b378bc7a5890cef2"},
  "islands_player_id": {:hex, :islands_player_id, "0.1.18", "37de74fb534fe36ef9810a046c7655bd32f58d5baee9f0fe314eed5205436d90", [:mix], [], "hexpm", "880c4e7f652602ec1e62f201f9e4b45113028dfe3fe12d67e1b770450dd5940f"},
  "islands_request": {:hex, :islands_request, "0.1.28", "dcf404dac280fe13ffaf7135bbcd93ef1ad7a7eb05eb23de04050458f51f7541", [:mix], [{:islands_coord, "~> 0.1", [hex: :islands_coord, repo: "hexpm", optional: false]}, {:islands_island, "~> 0.1", [hex: :islands_island, repo: "hexpm", optional: false]}, {:islands_player, "~> 0.1", [hex: :islands_player, repo: "hexpm", optional: false]}, {:islands_player_id, "~> 0.1", [hex: :islands_player_id, repo: "hexpm", optional: false]}], "hexpm", "50d18a7a5616c8c80eba2620f78bd4f80cbc7924441b1e91e3d6118e6d4439b3"},
  "islands_response": {:hex, :islands_response, "0.1.17", "b8d145803fa584f5d2d129739d48c336d1b8cdcf74d86c8e3b3a3588e2d0988b", [:mix], [{:islands_island, "~> 0.1", [hex: :islands_island, repo: "hexpm", optional: false]}], "hexpm", "bbf8e2972ed4560f41754d813c249d3ec63b885742c2268d1dbd99247fff59a0"},
  "islands_score": {:hex, :islands_score, "0.1.37", "a299ea1baade4c0465ef175ffb470ef1aa9e7000b438878f2209da881cd82c20", [:mix], [{:io_ansi_plus, "~> 0.1", [hex: :io_ansi_plus, repo: "hexpm", optional: false]}, {:islands_board, "~> 0.1", [hex: :islands_board, repo: "hexpm", optional: false]}, {:islands_client_island_type, "~> 0.1", [hex: :islands_client_island_type, repo: "hexpm", optional: false]}, {:islands_coord, "~> 0.1", [hex: :islands_coord, repo: "hexpm", optional: false]}, {:islands_game, "~> 0.1", [hex: :islands_game, repo: "hexpm", optional: false]}, {:islands_island, "~> 0.1", [hex: :islands_island, repo: "hexpm", optional: false]}, {:islands_player, "~> 0.1", [hex: :islands_player, repo: "hexpm", optional: false]}, {:islands_player_id, "~> 0.1", [hex: :islands_player_id, repo: "hexpm", optional: false]}, {:jason, "~> 1.0", [hex: :jason, repo: "hexpm", optional: false]}, {:poison, "~> 5.0", [hex: :poison, repo: "hexpm", optional: false]}], "hexpm", "a292b17d1047d38821e6e162f573db45289b84f531ccd984a25afba418399bf0"},
  "islands_state": {:hex, :islands_state, "0.1.20", "1f447e5de26370e7ec872334e995f7673db61cf362bd9d128fa0a83a38bb2848", [:mix], [{:islands_player_id, "~> 0.1", [hex: :islands_player_id, repo: "hexpm", optional: false]}, {:jason, "~> 1.0", [hex: :jason, repo: "hexpm", optional: false]}, {:poison, "~> 5.0", [hex: :poison, repo: "hexpm", optional: false]}], "hexpm", "bd9bc941ffc79a441e8a6143b20b294d376faf4fdeb571b220f59dfa8b7f2c32"},
  "islands_tally": {:hex, :islands_tally, "0.1.25", "94ed543c7ca90f1e6b1c35df713c138e91fdb054de922ca5aef723c8c833a9ac", [:mix], [{:io_ansi_plus, "~> 0.1", [hex: :io_ansi_plus, repo: "hexpm", optional: false]}, {:io_ansi_table, "~> 1.0", [hex: :io_ansi_table, repo: "hexpm", optional: false]}, {:islands_board, "~> 0.1", [hex: :islands_board, repo: "hexpm", optional: false]}, {:islands_coord, "~> 0.1", [hex: :islands_coord, repo: "hexpm", optional: false]}, {:islands_game, "~> 0.1", [hex: :islands_game, repo: "hexpm", optional: false]}, {:islands_grid, "~> 0.1", [hex: :islands_grid, repo: "hexpm", optional: false]}, {:islands_guesses, "~> 0.1", [hex: :islands_guesses, repo: "hexpm", optional: false]}, {:islands_island, "~> 0.1", [hex: :islands_island, repo: "hexpm", optional: false]}, {:islands_player, "~> 0.1", [hex: :islands_player, repo: "hexpm", optional: false]}, {:islands_player_id, "~> 0.1", [hex: :islands_player_id, repo: "hexpm", optional: false]}, {:islands_request, "~> 0.1", [hex: :islands_request, repo: "hexpm", optional: false]}, {:islands_response, "~> 0.1", [hex: :islands_response, repo: "hexpm", optional: false]}, {:islands_score, "~> 0.1", [hex: :islands_score, repo: "hexpm", optional: false]}, {:islands_state, "~> 0.1", [hex: :islands_state, repo: "hexpm", optional: false]}, {:jason, "~> 1.0", [hex: :jason, repo: "hexpm", optional: false]}, {:persist_config, "~> 0.4", [hex: :persist_config, repo: "hexpm", optional: false]}, {:poison, "~> 5.0", [hex: :poison, repo: "hexpm", optional: false]}], "hexpm", "a7bc641874698a7915986a312cc702e7deec60a77bf00e4675570f2f4a52668f"},
  "jason": {:hex, :jason, "1.4.0", "e855647bc964a44e2f67df589ccf49105ae039d4179db7f6271dfd3843dc27e6", [:mix], [{:decimal, "~> 1.0 or ~> 2.0", [hex: :decimal, repo: "hexpm", optional: true]}], "hexpm", "79a3791085b2a0f743ca04cec0f7be26443738779d09302e01318f97bdb82121"},
  "log_reset": {:hex, :log_reset, "0.1.53", "a4735c26a8ec0eaeeab697e2c112f8d54bfc5b8f8b9ec3bbe605d45370f2c993", [:mix], [{:file_only_logger, "~> 0.2", [hex: :file_only_logger, repo: "hexpm", optional: false]}, {:persist_config, "~> 0.4", [hex: :persist_config, repo: "hexpm", optional: false]}], "hexpm", "f994fbc5142e1343d707c41b950e7f71200771b185f900802f6cb1cc023d6285"},
  "logger_file_backend": {:hex, :logger_file_backend, "0.0.13", "df07b14970e9ac1f57362985d76e6f24e3e1ab05c248055b7d223976881977c2", [:mix], [], "hexpm", "71a453a7e6e899ae4549fb147b1c6621f4233f8f48f58ca10a64ec67b6c50018"},
  "makeup": {:hex, :makeup, "1.1.0", "6b67c8bc2882a6b6a445859952a602afc1a41c2e08379ca057c0f525366fc3ca", [:mix], [{:nimble_parsec, "~> 1.2.2 or ~> 1.3", [hex: :nimble_parsec, repo: "hexpm", optional: false]}], "hexpm", "0a45ed501f4a8897f580eabf99a2e5234ea3e75a4373c8a52824f6e873be57a6"},
  "makeup_elixir": {:hex, :makeup_elixir, "0.16.0", "f8c570a0d33f8039513fbccaf7108c5d750f47d8defd44088371191b76492b0b", [:mix], [{:makeup, "~> 1.0", [hex: :makeup, repo: "hexpm", optional: false]}, {:nimble_parsec, "~> 1.2.3", [hex: :nimble_parsec, repo: "hexpm", optional: false]}], "hexpm", "28b2cbdc13960a46ae9a8858c4bebdec3c9a6d7b4b9e7f4ed1502f8159f338e7"},
  "makeup_erlang": {:hex, :makeup_erlang, "0.1.1", "3fcb7f09eb9d98dc4d208f49cc955a34218fc41ff6b84df7c75b3e6e533cc65f", [:mix], [{:makeup, "~> 1.0", [hex: :makeup, repo: "hexpm", optional: false]}], "hexpm", "174d0809e98a4ef0b3309256cbf97101c6ec01c4ab0b23e926a9e17df2077cbb"},
  "map_sorter": {:hex, :map_sorter, "0.2.59", "62e4fc4c7f9d5475811732406c5eef445304a7e0f34d141b8ea96a13405a5411", [:mix], [{:file_only_logger, "~> 0.2", [hex: :file_only_logger, repo: "hexpm", optional: false]}, {:log_reset, "~> 0.1", [hex: :log_reset, repo: "hexpm", optional: false]}, {:persist_config, "~> 0.4", [hex: :persist_config, repo: "hexpm", optional: false]}], "hexpm", "208243245adc244105aa6bbe00f53dcf0c87499da4312348c817f18d80e97c8c"},
  "mime": {:hex, :mime, "2.0.3", "3676436d3d1f7b81b5a2d2bd8405f412c677558c81b1c92be58c00562bb59095", [:mix], [], "hexpm", "27a30bf0db44d25eecba73755acf4068cbfe26a4372f9eb3e4ea3a45956bff6b"},
  "nimble_parsec": {:hex, :nimble_parsec, "1.2.3", "244836e6e3f1200c7f30cb56733fd808744eca61fd182f731eac4af635cc6d0b", [:mix], [], "hexpm", "c8d789e39b9131acf7b99291e93dae60ab48ef14a7ee9d58c6964f59efb570b0"},
  "persist_config": {:hex, :persist_config, "0.4.21", "9c6923b8137349dc0f376db1dd719cb513552efab680f43f14a2ba5c06249212", [:mix], [], "hexpm", "b7c9413c72da7982c61022b938b470380827bcdbd5b5f1d87a26fdaad2bc5eb8"},
  "phoenix": {:hex, :phoenix, "1.5.14", "2d5db884be496eefa5157505ec0134e66187cb416c072272420c5509d67bf808", [:mix], [{:jason, "~> 1.0", [hex: :jason, repo: "hexpm", optional: true]}, {:phoenix_html, "~> 2.13 or ~> 3.0", [hex: :phoenix_html, repo: "hexpm", optional: true]}, {:phoenix_pubsub, "~> 2.0", [hex: :phoenix_pubsub, repo: "hexpm", optional: false]}, {:plug, "~> 1.10", [hex: :plug, repo: "hexpm", optional: false]}, {:plug_cowboy, "~> 1.0 or ~> 2.2", [hex: :plug_cowboy, repo: "hexpm", optional: true]}, {:plug_crypto, "~> 1.1.2 or ~> 1.2", [hex: :plug_crypto, repo: "hexpm", optional: false]}, {:telemetry, "~> 0.4 or ~> 1.0", [hex: :telemetry, repo: "hexpm", optional: false]}], "hexpm", "207f1aa5520320cbb7940d7ff2dde2342162cf513875848f88249ea0ba02fef7"},
  "phoenix_html": {:hex, :phoenix_html, "2.14.3", "51f720d0d543e4e157ff06b65de38e13303d5778a7919bcc696599e5934271b8", [:mix], [{:plug, "~> 1.5", [hex: :plug, repo: "hexpm", optional: false]}], "hexpm", "efd697a7fff35a13eeeb6b43db884705cba353a1a41d127d118fda5f90c8e80f"},
  "phoenix_live_dashboard": {:hex, :phoenix_live_dashboard, "0.4.0", "87990e68b60213d7487e65814046f9a2bed4a67886c943270125913499b3e5c3", [:mix], [{:ecto_psql_extras, "~> 0.4.1 or ~> 0.5", [hex: :ecto_psql_extras, repo: "hexpm", optional: true]}, {:phoenix_html, "~> 2.14.1 or ~> 2.15", [hex: :phoenix_html, repo: "hexpm", optional: false]}, {:phoenix_live_view, "~> 0.15.0", [hex: :phoenix_live_view, repo: "hexpm", optional: false]}, {:telemetry_metrics, "~> 0.4.0 or ~> 0.5.0 or ~> 0.6.0", [hex: :telemetry_metrics, repo: "hexpm", optional: false]}], "hexpm", "8d52149e58188e9e4497cc0d8900ab94d9b66f96998ec38c47c7a4f8f4f50e57"},
  "phoenix_live_reload": {:hex, :phoenix_live_reload, "1.4.1", "2aff698f5e47369decde4357ba91fc9c37c6487a512b41732818f2204a8ef1d3", [:mix], [{:file_system, "~> 0.2.1 or ~> 0.3", [hex: :file_system, repo: "hexpm", optional: false]}, {:phoenix, "~> 1.4", [hex: :phoenix, repo: "hexpm", optional: false]}], "hexpm", "9bffb834e7ddf08467fe54ae58b5785507aaba6255568ae22b4d46e2bb3615ab"},
  "phoenix_live_view": {:hex, :phoenix_live_view, "0.15.7", "09720b8e5151b3ca8ef739cd7626d4feb987c69ba0b509c9bbdb861d5a365881", [:mix], [{:jason, "~> 1.0", [hex: :jason, repo: "hexpm", optional: true]}, {:phoenix, "~> 1.5.7", [hex: :phoenix, repo: "hexpm", optional: false]}, {:phoenix_html, "~> 2.14", [hex: :phoenix_html, repo: "hexpm", optional: false]}, {:telemetry, "~> 0.4.2 or ~> 0.5", [hex: :telemetry, repo: "hexpm", optional: false]}], "hexpm", "3a756cf662420272d0f1b3b908cce5222163b5a95aa9bab404f9d29aff53276e"},
  "phoenix_pubsub": {:hex, :phoenix_pubsub, "2.1.1", "ba04e489ef03763bf28a17eb2eaddc2c20c6d217e2150a61e3298b0f4c2012b5", [:mix], [], "hexpm", "81367c6d1eea5878ad726be80808eb5a787a23dee699f96e72b1109c57cdd8d9"},
  "phx_formatter": {:hex, :phx_formatter, "0.1.7", "afbf538af4a595921ceee278c13bb8864030e6b3211cafd68a1edaf0fbf8cd84", [:mix], [], "hexpm", "1d201c9e70eecc855a29c001530b5ccc4ea772ad5ef8d0a02b418dbbb88ca4d8"},
  "plug": {:hex, :plug, "1.14.0", "ba4f558468f69cbd9f6b356d25443d0b796fbdc887e03fa89001384a9cac638f", [:mix], [{:mime, "~> 1.0 or ~> 2.0", [hex: :mime, repo: "hexpm", optional: false]}, {:plug_crypto, "~> 1.1.1 or ~> 1.2", [hex: :plug_crypto, repo: "hexpm", optional: false]}, {:telemetry, "~> 0.4.3 or ~> 1.0", [hex: :telemetry, repo: "hexpm", optional: false]}], "hexpm", "bf020432c7d4feb7b3af16a0c2701455cbbbb95e5b6866132cb09eb0c29adc14"},
  "plug_cowboy": {:hex, :plug_cowboy, "2.6.0", "d1cf12ff96a1ca4f52207c5271a6c351a4733f413803488d75b70ccf44aebec2", [:mix], [{:cowboy, "~> 2.7", [hex: :cowboy, repo: "hexpm", optional: false]}, {:cowboy_telemetry, "~> 0.3", [hex: :cowboy_telemetry, repo: "hexpm", optional: false]}, {:plug, "~> 1.14", [hex: :plug, repo: "hexpm", optional: false]}], "hexpm", "073cf20b753ce6682ed72905cd62a2d4bd9bad1bf9f7feb02a1b8e525bd94fa6"},
  "plug_crypto": {:hex, :plug_crypto, "1.2.3", "8f77d13aeb32bfd9e654cb68f0af517b371fb34c56c9f2b58fe3df1235c1251a", [:mix], [], "hexpm", "b5672099c6ad5c202c45f5a403f21a3411247f164e4a8fab056e5cd8a290f4a2"},
  "poison": {:hex, :poison, "5.0.0", "d2b54589ab4157bbb82ec2050757779bfed724463a544b6e20d79855a9e43b24", [:mix], [{:decimal, "~> 2.0", [hex: :decimal, repo: "hexpm", optional: true]}], "hexpm", "11dc6117c501b80c62a7594f941d043982a1bd05a1184280c0d9166eb4d8d3fc"},
  "ranch": {:hex, :ranch, "1.8.0", "8c7a100a139fd57f17327b6413e4167ac559fbc04ca7448e9be9057311597a1d", [:make, :rebar3], [], "hexpm", "49fbcfd3682fab1f5d109351b61257676da1a2fdbe295904176d5e521a2ddfe5"},
  "telemetry": {:hex, :telemetry, "0.4.3", "a06428a514bdbc63293cd9a6263aad00ddeb66f608163bdec7c8995784080818", [:rebar3], [], "hexpm", "eb72b8365ffda5bed68a620d1da88525e326cb82a75ee61354fc24b844768041"},
  "telemetry_metrics": {:hex, :telemetry_metrics, "0.6.1", "315d9163a1d4660aedc3fee73f33f1d355dcc76c5c3ab3d59e76e3edf80eef1f", [:mix], [{:telemetry, "~> 0.4 or ~> 1.0", [hex: :telemetry, repo: "hexpm", optional: false]}], "hexpm", "7be9e0871c41732c233be71e4be11b96e56177bf15dde64a8ac9ce72ac9834c6"},
  "telemetry_poller": {:hex, :telemetry_poller, "0.5.1", "21071cc2e536810bac5628b935521ff3e28f0303e770951158c73eaaa01e962a", [:rebar3], [{:telemetry, "~> 0.4", [hex: :telemetry, repo: "hexpm", optional: false]}], "hexpm", "4cab72069210bc6e7a080cec9afffad1b33370149ed5d379b81c7c5f0c663fd4"},
}
